// !$*UTF8*$!
{
	archiveVersion = 1;
	classes = {
	};
	objectVersion = 55;
	objects = {

/* Begin PBXBuildFile section */
		9602C2F127B036FB00143F7D /* AppDelegate.swift in Sources */ = {isa = PBXBuildFile; fileRef = 9602C2F027B036FB00143F7D /* AppDelegate.swift */; };
		9602C2F527B036FB00143F7D /* ViewController.swift in Sources */ = {isa = PBXBuildFile; fileRef = 9602C2F427B036FB00143F7D /* ViewController.swift */; };
		9602C2F827B036FB00143F7D /* Main.storyboard in Resources */ = {isa = PBXBuildFile; fileRef = 9602C2F627B036FB00143F7D /* Main.storyboard */; };
		9602C2FA27B036FC00143F7D /* Assets.xcassets in Resources */ = {isa = PBXBuildFile; fileRef = 9602C2F927B036FC00143F7D /* Assets.xcassets */; };
		9602C2FD27B036FC00143F7D /* LaunchScreen.storyboard in Resources */ = {isa = PBXBuildFile; fileRef = 9602C2FB27B036FC00143F7D /* LaunchScreen.storyboard */; };
		9602C31027B0378F00143F7D /* ViewModel.swift in Sources */ = {isa = PBXBuildFile; fileRef = 9602C30F27B0378F00143F7D /* ViewModel.swift */; };
		9602C31227B037BC00143F7D /* NetworkService.swift in Sources */ = {isa = PBXBuildFile; fileRef = 9602C31127B037BC00143F7D /* NetworkService.swift */; };
		9602C31427B0380300143F7D /* Users.swift in Sources */ = {isa = PBXBuildFile; fileRef = 9602C31327B0380300143F7D /* Users.swift */; };
		9602C31627B0459700143F7D /* TableViewCell.swift in Sources */ = {isa = PBXBuildFile; fileRef = 9602C31527B0459700143F7D /* TableViewCell.swift */; };
		9602C31827B045B700143F7D /* CellViewModel.swift in Sources */ = {isa = PBXBuildFile; fileRef = 9602C31727B045B700143F7D /* CellViewModel.swift */; };
		9602C31A27B0899500143F7D /* ImageLoader.swift in Sources */ = {isa = PBXBuildFile; fileRef = 9602C31927B0899500143F7D /* ImageLoader.swift */; };
		964112D827B091BA0014CACC /* DefaultImages.swift in Sources */ = {isa = PBXBuildFile; fileRef = 964112D727B091BA0014CACC /* DefaultImages.swift */; };
		968E566027B9BF470011C47F /* CollectionViewController.swift in Sources */ = {isa = PBXBuildFile; fileRef = 968E565F27B9BF470011C47F /* CollectionViewController.swift */; };
		968E566227B9C0480011C47F /* CollectionViewCell.swift in Sources */ = {isa = PBXBuildFile; fileRef = 968E566127B9C0480011C47F /* CollectionViewCell.swift */; };
		96A32D2D27B8958800412B38 /* Coordinator.swift in Sources */ = {isa = PBXBuildFile; fileRef = 96A32D2C27B8958800412B38 /* Coordinator.swift */; };
		96A32D2F27B8965100412B38 /* Storyboarded.swift in Sources */ = {isa = PBXBuildFile; fileRef = 96A32D2E27B8965100412B38 /* Storyboarded.swift */; };
		96A32D3127B8971B00412B38 /* MainCoordinator.swift in Sources */ = {isa = PBXBuildFile; fileRef = 96A32D3027B8971B00412B38 /* MainCoordinator.swift */; };
		96A32D3527B89E6400412B38 /* SceneDelegate.swift in Sources */ = {isa = PBXBuildFile; fileRef = 96A32D3427B89E6400412B38 /* SceneDelegate.swift */; };
		96EE4E0E27B3225E00609593 /* Cache.swift in Sources */ = {isa = PBXBuildFile; fileRef = 96EE4E0D27B3225E00609593 /* Cache.swift */; };
		B4B32C97AAFC6625FFA98330 /* Pods_GithubUsersRx.framework in Frameworks */ = {isa = PBXBuildFile; fileRef = 6B15A5C94B4A414DE5EF8FEF /* Pods_GithubUsersRx.framework */; };
/* End PBXBuildFile section */

/* Begin PBXFileReference section */
		2219DD70A8FC8C69127F77C5 /* Pods-GithubUsersRx.release.xcconfig */ = {isa = PBXFileReference; includeInIndex = 1; lastKnownFileType = text.xcconfig; name = "Pods-GithubUsersRx.release.xcconfig"; path = "Target Support Files/Pods-GithubUsersRx/Pods-GithubUsersRx.release.xcconfig"; sourceTree = "<group>"; };
		6B15A5C94B4A414DE5EF8FEF /* Pods_GithubUsersRx.framework */ = {isa = PBXFileReference; explicitFileType = wrapper.framework; includeInIndex = 0; path = Pods_GithubUsersRx.framework; sourceTree = BUILT_PRODUCTS_DIR; };
		9602C2ED27B036FB00143F7D /* GithubUsersRx.app */ = {isa = PBXFileReference; explicitFileType = wrapper.application; includeInIndex = 0; path = GithubUsersRx.app; sourceTree = BUILT_PRODUCTS_DIR; };
		9602C2F027B036FB00143F7D /* AppDelegate.swift */ = {isa = PBXFileReference; lastKnownFileType = sourcecode.swift; path = AppDelegate.swift; sourceTree = "<group>"; };
		9602C2F427B036FB00143F7D /* ViewController.swift */ = {isa = PBXFileReference; lastKnownFileType = sourcecode.swift; path = ViewController.swift; sourceTree = "<group>"; };
		9602C2F727B036FB00143F7D /* Base */ = {isa = PBXFileReference; lastKnownFileType = file.storyboard; name = Base; path = Base.lproj/Main.storyboard; sourceTree = "<group>"; };
		9602C2F927B036FC00143F7D /* Assets.xcassets */ = {isa = PBXFileReference; lastKnownFileType = folder.assetcatalog; path = Assets.xcassets; sourceTree = "<group>"; };
		9602C2FC27B036FC00143F7D /* Base */ = {isa = PBXFileReference; lastKnownFileType = file.storyboard; name = Base; path = Base.lproj/LaunchScreen.storyboard; sourceTree = "<group>"; };
		9602C2FE27B036FC00143F7D /* Info.plist */ = {isa = PBXFileReference; lastKnownFileType = text.plist.xml; path = Info.plist; sourceTree = "<group>"; };
		9602C30F27B0378F00143F7D /* ViewModel.swift */ = {isa = PBXFileReference; lastKnownFileType = sourcecode.swift; path = ViewModel.swift; sourceTree = "<group>"; };
		9602C31127B037BC00143F7D /* NetworkService.swift */ = {isa = PBXFileReference; lastKnownFileType = sourcecode.swift; path = NetworkService.swift; sourceTree = "<group>"; };
		9602C31327B0380300143F7D /* Users.swift */ = {isa = PBXFileReference; lastKnownFileType = sourcecode.swift; path = Users.swift; sourceTree = "<group>"; };
		9602C31527B0459700143F7D /* TableViewCell.swift */ = {isa = PBXFileReference; lastKnownFileType = sourcecode.swift; path = TableViewCell.swift; sourceTree = "<group>"; };
		9602C31727B045B700143F7D /* CellViewModel.swift */ = {isa = PBXFileReference; lastKnownFileType = sourcecode.swift; path = CellViewModel.swift; sourceTree = "<group>"; };
		9602C31927B0899500143F7D /* ImageLoader.swift */ = {isa = PBXFileReference; lastKnownFileType = sourcecode.swift; path = ImageLoader.swift; sourceTree = "<group>"; };
		964112D727B091BA0014CACC /* DefaultImages.swift */ = {isa = PBXFileReference; lastKnownFileType = sourcecode.swift; path = DefaultImages.swift; sourceTree = "<group>"; };
		968E565F27B9BF470011C47F /* CollectionViewController.swift */ = {isa = PBXFileReference; lastKnownFileType = sourcecode.swift; path = CollectionViewController.swift; sourceTree = "<group>"; };
		968E566127B9C0480011C47F /* CollectionViewCell.swift */ = {isa = PBXFileReference; lastKnownFileType = sourcecode.swift; path = CollectionViewCell.swift; sourceTree = "<group>"; };
		96A32D2C27B8958800412B38 /* Coordinator.swift */ = {isa = PBXFileReference; lastKnownFileType = sourcecode.swift; path = Coordinator.swift; sourceTree = "<group>"; };
		96A32D2E27B8965100412B38 /* Storyboarded.swift */ = {isa = PBXFileReference; lastKnownFileType = sourcecode.swift; path = Storyboarded.swift; sourceTree = "<group>"; };
		96A32D3027B8971B00412B38 /* MainCoordinator.swift */ = {isa = PBXFileReference; lastKnownFileType = sourcecode.swift; path = MainCoordinator.swift; sourceTree = "<group>"; };
		96A32D3427B89E6400412B38 /* SceneDelegate.swift */ = {isa = PBXFileReference; fileEncoding = 4; lastKnownFileType = sourcecode.swift; name = SceneDelegate.swift; path = ../../../.Trash/SceneDelegate.swift; sourceTree = "<group>"; };
		96EE4E0D27B3225E00609593 /* Cache.swift */ = {isa = PBXFileReference; lastKnownFileType = sourcecode.swift; path = Cache.swift; sourceTree = "<group>"; };
		AE6D32816D8B4B161129AEEA /* Pods-GithubUsersRx.debug.xcconfig */ = {isa = PBXFileReference; includeInIndex = 1; lastKnownFileType = text.xcconfig; name = "Pods-GithubUsersRx.debug.xcconfig"; path = "Target Support Files/Pods-GithubUsersRx/Pods-GithubUsersRx.debug.xcconfig"; sourceTree = "<group>"; };
/* End PBXFileReference section */

/* Begin PBXFrameworksBuildPhase section */
		9602C2EA27B036FB00143F7D /* Frameworks */ = {
			isa = PBXFrameworksBuildPhase;
			buildActionMask = 2147483647;
			files = (
				B4B32C97AAFC6625FFA98330 /* Pods_GithubUsersRx.framework in Frameworks */,
			);
			runOnlyForDeploymentPostprocessing = 0;
		};
/* End PBXFrameworksBuildPhase section */

/* Begin PBXGroup section */
		476B2233E77996B9397DB20C /* Pods */ = {
			isa = PBXGroup;
			children = (
				AE6D32816D8B4B161129AEEA /* Pods-GithubUsersRx.debug.xcconfig */,
				2219DD70A8FC8C69127F77C5 /* Pods-GithubUsersRx.release.xcconfig */,
			);
			path = Pods;
			sourceTree = "<group>";
		};
		9602C2E427B036FB00143F7D = {
			isa = PBXGroup;
			children = (
				9602C2EF27B036FB00143F7D /* GithubUsersRx */,
				9602C2EE27B036FB00143F7D /* Products */,
				476B2233E77996B9397DB20C /* Pods */,
				B792406ED26091000D44C5CE /* Frameworks */,
			);
			sourceTree = "<group>";
		};
		9602C2EE27B036FB00143F7D /* Products */ = {
			isa = PBXGroup;
			children = (
				9602C2ED27B036FB00143F7D /* GithubUsersRx.app */,
			);
			name = Products;
			sourceTree = "<group>";
		};
		9602C2EF27B036FB00143F7D /* GithubUsersRx */ = {
			isa = PBXGroup;
			children = (
				9602C2F027B036FB00143F7D /* AppDelegate.swift */,
				96A32D3427B89E6400412B38 /* SceneDelegate.swift */,
				9602C2F427B036FB00143F7D /* ViewController.swift */,
				9602C31527B0459700143F7D /* TableViewCell.swift */,
				968E565F27B9BF470011C47F /* CollectionViewController.swift */,
				968E566127B9C0480011C47F /* CollectionViewCell.swift */,
				96A32D3027B8971B00412B38 /* MainCoordinator.swift */,
				96A32D2C27B8958800412B38 /* Coordinator.swift */,
				9602C30F27B0378F00143F7D /* ViewModel.swift */,
				96EE4E0D27B3225E00609593 /* Cache.swift */,
				9602C31727B045B700143F7D /* CellViewModel.swift */,
				9602C31927B0899500143F7D /* ImageLoader.swift */,
				9602C31127B037BC00143F7D /* NetworkService.swift */,
				964112D727B091BA0014CACC /* DefaultImages.swift */,
				9602C31327B0380300143F7D /* Users.swift */,
				96A32D2E27B8965100412B38 /* Storyboarded.swift */,
				9602C2F627B036FB00143F7D /* Main.storyboard */,
				9602C2F927B036FC00143F7D /* Assets.xcassets */,
				9602C2FB27B036FC00143F7D /* LaunchScreen.storyboard */,
				9602C2FE27B036FC00143F7D /* Info.plist */,
			);
			path = GithubUsersRx;
			sourceTree = "<group>";
		};
		B792406ED26091000D44C5CE /* Frameworks */ = {
			isa = PBXGroup;
			children = (
				6B15A5C94B4A414DE5EF8FEF /* Pods_GithubUsersRx.framework */,
			);
			name = Frameworks;
			sourceTree = "<group>";
		};
/* End PBXGroup section */

/* Begin PBXNativeTarget section */
		9602C2EC27B036FB00143F7D /* GithubUsersRx */ = {
			isa = PBXNativeTarget;
			buildConfigurationList = 9602C30127B036FC00143F7D /* Build configuration list for PBXNativeTarget "GithubUsersRx" */;
			buildPhases = (
				6A1723C271FC489F450966AA /* [CP] Check Pods Manifest.lock */,
				9602C2E927B036FB00143F7D /* Sources */,
				9602C2EA27B036FB00143F7D /* Frameworks */,
				9602C2EB27B036FB00143F7D /* Resources */,
				FD686E1CBA5E81122FA032D3 /* [CP] Embed Pods Frameworks */,
			);
			buildRules = (
			);
			dependencies = (
			);
			name = GithubUsersRx;
			productName = GithubUsersRx;
			productReference = 9602C2ED27B036FB00143F7D /* GithubUsersRx.app */;
			productType = "com.apple.product-type.application";
		};
/* End PBXNativeTarget section */

/* Begin PBXProject section */
		9602C2E527B036FB00143F7D /* Project object */ = {
			isa = PBXProject;
			attributes = {
				BuildIndependentTargetsInParallel = 1;
				LastSwiftUpdateCheck = 1320;
				LastUpgradeCheck = 1320;
				TargetAttributes = {
					9602C2EC27B036FB00143F7D = {
						CreatedOnToolsVersion = 13.2.1;
					};
				};
			};
			buildConfigurationList = 9602C2E827B036FB00143F7D /* Build configuration list for PBXProject "GithubUsersRx" */;
			compatibilityVersion = "Xcode 13.0";
			developmentRegion = en;
			hasScannedForEncodings = 0;
			knownRegions = (
				en,
				Base,
			);
			mainGroup = 9602C2E427B036FB00143F7D;
			productRefGroup = 9602C2EE27B036FB00143F7D /* Products */;
			projectDirPath = "";
			projectRoot = "";
			targets = (
				9602C2EC27B036FB00143F7D /* GithubUsersRx */,
			);
		};
/* End PBXProject section */

/* Begin PBXResourcesBuildPhase section */
		9602C2EB27B036FB00143F7D /* Resources */ = {
			isa = PBXResourcesBuildPhase;
			buildActionMask = 2147483647;
			files = (
				9602C2FD27B036FC00143F7D /* LaunchScreen.storyboard in Resources */,
				9602C2FA27B036FC00143F7D /* Assets.xcassets in Resources */,
				9602C2F827B036FB00143F7D /* Main.storyboard in Resources */,
			);
			runOnlyForDeploymentPostprocessing = 0;
		};
/* End PBXResourcesBuildPhase section */

/* Begin PBXShellScriptBuildPhase section */
		6A1723C271FC489F450966AA /* [CP] Check Pods Manifest.lock */ = {
			isa = PBXShellScriptBuildPhase;
			buildActionMask = 2147483647;
			files = (
			);
			inputFileListPaths = (
			);
			inputPaths = (
				"${PODS_PODFILE_DIR_PATH}/Podfile.lock",
				"${PODS_ROOT}/Manifest.lock",
			);
			name = "[CP] Check Pods Manifest.lock";
			outputFileListPaths = (
			);
			outputPaths = (
				"$(DERIVED_FILE_DIR)/Pods-GithubUsersRx-checkManifestLockResult.txt",
			);
			runOnlyForDeploymentPostprocessing = 0;
			shellPath = /bin/sh;
			shellScript = "diff \"${PODS_PODFILE_DIR_PATH}/Podfile.lock\" \"${PODS_ROOT}/Manifest.lock\" > /dev/null\nif [ $? != 0 ] ; then\n    # print error to STDERR\n    echo \"error: The sandbox is not in sync with the Podfile.lock. Run 'pod install' or update your CocoaPods installation.\" >&2\n    exit 1\nfi\n# This output is used by Xcode 'outputs' to avoid re-running this script phase.\necho \"SUCCESS\" > \"${SCRIPT_OUTPUT_FILE_0}\"\n";
			showEnvVarsInLog = 0;
		};
		FD686E1CBA5E81122FA032D3 /* [CP] Embed Pods Frameworks */ = {
			isa = PBXShellScriptBuildPhase;
			buildActionMask = 2147483647;
			files = (
			);
			inputFileListPaths = (
				"${PODS_ROOT}/Target Support Files/Pods-GithubUsersRx/Pods-GithubUsersRx-frameworks-${CONFIGURATION}-input-files.xcfilelist",
			);
			name = "[CP] Embed Pods Frameworks";
			outputFileListPaths = (
				"${PODS_ROOT}/Target Support Files/Pods-GithubUsersRx/Pods-GithubUsersRx-frameworks-${CONFIGURATION}-output-files.xcfilelist",
			);
			runOnlyForDeploymentPostprocessing = 0;
			shellPath = /bin/sh;
			shellScript = "\"${PODS_ROOT}/Target Support Files/Pods-GithubUsersRx/Pods-GithubUsersRx-frameworks.sh\"\n";
			showEnvVarsInLog = 0;
		};
/* End PBXShellScriptBuildPhase section */

/* Begin PBXSourcesBuildPhase section */
		9602C2E927B036FB00143F7D /* Sources */ = {
			isa = PBXSourcesBuildPhase;
			buildActionMask = 2147483647;
			files = (
				9602C31227B037BC00143F7D /* NetworkService.swift in Sources */,
				96A32D3127B8971B00412B38 /* MainCoordinator.swift in Sources */,
				9602C2F527B036FB00143F7D /* ViewController.swift in Sources */,
				9602C31827B045B700143F7D /* CellViewModel.swift in Sources */,
				9602C2F127B036FB00143F7D /* AppDelegate.swift in Sources */,
				96A32D3527B89E6400412B38 /* SceneDelegate.swift in Sources */,
				96EE4E0E27B3225E00609593 /* Cache.swift in Sources */,
				96A32D2F27B8965100412B38 /* Storyboarded.swift in Sources */,
				9602C31027B0378F00143F7D /* ViewModel.swift in Sources */,
				968E566027B9BF470011C47F /* CollectionViewController.swift in Sources */,
				968E566227B9C0480011C47F /* CollectionViewCell.swift in Sources */,
				9602C31A27B0899500143F7D /* ImageLoader.swift in Sources */,
				9602C31427B0380300143F7D /* Users.swift in Sources */,
				96A32D2D27B8958800412B38 /* Coordinator.swift in Sources */,
				9602C31627B0459700143F7D /* TableViewCell.swift in Sources */,
				964112D827B091BA0014CACC /* DefaultImages.swift in Sources */,
			);
			runOnlyForDeploymentPostprocessing = 0;
		};
/* End PBXSourcesBuildPhase section */

/* Begin PBXVariantGroup section */
		9602C2F627B036FB00143F7D /* Main.storyboard */ = {
			isa = PBXVariantGroup;
			children = (
				9602C2F727B036FB00143F7D /* Base */,
			);
			name = Main.storyboard;
			sourceTree = "<group>";
		};
		9602C2FB27B036FC00143F7D /* LaunchScreen.storyboard */ = {
			isa = PBXVariantGroup;
			children = (
				9602C2FC27B036FC00143F7D /* Base */,
			);
			name = LaunchScreen.storyboard;
			sourceTree = "<group>";
		};
/* End PBXVariantGroup section */

/* Begin XCBuildConfiguration section */
		9602C2FF27B036FC00143F7D /* Debug */ = {
			isa = XCBuildConfiguration;
			buildSettings = {
				ALWAYS_SEARCH_USER_PATHS = NO;
				CLANG_ANALYZER_NONNULL = YES;
				CLANG_ANALYZER_NUMBER_OBJECT_CONVERSION = YES_AGGRESSIVE;
				CLANG_CXX_LANGUAGE_STANDARD = "gnu++17";
				CLANG_CXX_LIBRARY = "libc++";
				CLANG_ENABLE_MODULES = YES;
				CLANG_ENABLE_OBJC_ARC = YES;
				CLANG_ENABLE_OBJC_WEAK = YES;
				CLANG_WARN_BLOCK_CAPTURE_AUTORELEASING = YES;
				CLANG_WARN_BOOL_CONVERSION = YES;
				CLANG_WARN_COMMA = YES;
				CLANG_WARN_CONSTANT_CONVERSION = YES;
				CLANG_WARN_DEPRECATED_OBJC_IMPLEMENTATIONS = YES;
				CLANG_WARN_DIRECT_OBJC_ISA_USAGE = YES_ERROR;
				CLANG_WARN_DOCUMENTATION_COMMENTS = YES;
				CLANG_WARN_EMPTY_BODY = YES;
				CLANG_WARN_ENUM_CONVERSION = YES;
				CLANG_WARN_INFINITE_RECURSION = YES;
				CLANG_WARN_INT_CONVERSION = YES;
				CLANG_WARN_NON_LITERAL_NULL_CONVERSION = YES;
				CLANG_WARN_OBJC_IMPLICIT_RETAIN_SELF = YES;
				CLANG_WARN_OBJC_LITERAL_CONVERSION = YES;
				CLANG_WARN_OBJC_ROOT_CLASS = YES_ERROR;
				CLANG_WARN_QUOTED_INCLUDE_IN_FRAMEWORK_HEADER = YES;
				CLANG_WARN_RANGE_LOOP_ANALYSIS = YES;
				CLANG_WARN_STRICT_PROTOTYPES = YES;
				CLANG_WARN_SUSPICIOUS_MOVE = YES;
				CLANG_WARN_UNGUARDED_AVAILABILITY = YES_AGGRESSIVE;
				CLANG_WARN_UNREACHABLE_CODE = YES;
				CLANG_WARN__DUPLICATE_METHOD_MATCH = YES;
				COPY_PHASE_STRIP = NO;
				DEBUG_INFORMATION_FORMAT = dwarf;
				ENABLE_STRICT_OBJC_MSGSEND = YES;
				ENABLE_TESTABILITY = YES;
				GCC_C_LANGUAGE_STANDARD = gnu11;
				GCC_DYNAMIC_NO_PIC = NO;
				GCC_NO_COMMON_BLOCKS = YES;
				GCC_OPTIMIZATION_LEVEL = 0;
				GCC_PREPROCESSOR_DEFINITIONS = (
					"DEBUG=1",
					"$(inherited)",
				);
				GCC_WARN_64_TO_32_BIT_CONVERSION = YES;
				GCC_WARN_ABOUT_RETURN_TYPE = YES_ERROR;
				GCC_WARN_UNDECLARED_SELECTOR = YES;
				GCC_WARN_UNINITIALIZED_AUTOS = YES_AGGRESSIVE;
				GCC_WARN_UNUSED_FUNCTION = YES;
				GCC_WARN_UNUSED_VARIABLE = YES;
				IPHONEOS_DEPLOYMENT_TARGET = 15.2;
				MTL_ENABLE_DEBUG_INFO = INCLUDE_SOURCE;
				MTL_FAST_MATH = YES;
				ONLY_ACTIVE_ARCH = YES;
				SDKROOT = iphoneos;
				SWIFT_ACTIVE_COMPILATION_CONDITIONS = DEBUG;
				SWIFT_OPTIMIZATION_LEVEL = "-Onone";
			};
			name = Debug;
		};
		9602C30027B036FC00143F7D /* Release */ = {
			isa = XCBuildConfiguration;
			buildSettings = {
				ALWAYS_SEARCH_USER_PATHS = NO;
				CLANG_ANALYZER_NONNULL = YES;
				CLANG_ANALYZER_NUMBER_OBJECT_CONVERSION = YES_AGGRESSIVE;
				CLANG_CXX_LANGUAGE_STANDARD = "gnu++17";
				CLANG_CXX_LIBRARY = "libc++";
				CLANG_ENABLE_MODULES = YES;
				CLANG_ENABLE_OBJC_ARC = YES;
				CLANG_ENABLE_OBJC_WEAK = YES;
				CLANG_WARN_BLOCK_CAPTURE_AUTORELEASING = YES;
				CLANG_WARN_BOOL_CONVERSION = YES;
				CLANG_WARN_COMMA = YES;
				CLANG_WARN_CONSTANT_CONVERSION = YES;
				CLANG_WARN_DEPRECATED_OBJC_IMPLEMENTATIONS = YES;
				CLANG_WARN_DIRECT_OBJC_ISA_USAGE = YES_ERROR;
				CLANG_WARN_DOCUMENTATION_COMMENTS = YES;
				CLANG_WARN_EMPTY_BODY = YES;
				CLANG_WARN_ENUM_CONVERSION = YES;
				CLANG_WARN_INFINITE_RECURSION = YES;
				CLANG_WARN_INT_CONVERSION = YES;
				CLANG_WARN_NON_LITERAL_NULL_CONVERSION = YES;
				CLANG_WARN_OBJC_IMPLICIT_RETAIN_SELF = YES;
				CLANG_WARN_OBJC_LITERAL_CONVERSION = YES;
				CLANG_WARN_OBJC_ROOT_CLASS = YES_ERROR;
				CLANG_WARN_QUOTED_INCLUDE_IN_FRAMEWORK_HEADER = YES;
				CLANG_WARN_RANGE_LOOP_ANALYSIS = YES;
				CLANG_WARN_STRICT_PROTOTYPES = YES;
				CLANG_WARN_SUSPICIOUS_MOVE = YES;
				CLANG_WARN_UNGUARDED_AVAILABILITY = YES_AGGRESSIVE;
				CLANG_WARN_UNREACHABLE_CODE = YES;
				CLANG_WARN__DUPLICATE_METHOD_MATCH = YES;
				COPY_PHASE_STRIP = NO;
				DEBUG_INFORMATION_FORMAT = "dwarf-with-dsym";
				ENABLE_NS_ASSERTIONS = NO;
				ENABLE_STRICT_OBJC_MSGSEND = YES;
				GCC_C_LANGUAGE_STANDARD = gnu11;
				GCC_NO_COMMON_BLOCKS = YES;
				GCC_WARN_64_TO_32_BIT_CONVERSION = YES;
				GCC_WARN_ABOUT_RETURN_TYPE = YES_ERROR;
				GCC_WARN_UNDECLARED_SELECTOR = YES;
				GCC_WARN_UNINITIALIZED_AUTOS = YES_AGGRESSIVE;
				GCC_WARN_UNUSED_FUNCTION = YES;
				GCC_WARN_UNUSED_VARIABLE = YES;
				IPHONEOS_DEPLOYMENT_TARGET = 15.2;
				MTL_ENABLE_DEBUG_INFO = NO;
				MTL_FAST_MATH = YES;
				SDKROOT = iphoneos;
				SWIFT_COMPILATION_MODE = wholemodule;
				SWIFT_OPTIMIZATION_LEVEL = "-O";
				VALIDATE_PRODUCT = YES;
			};
			name = Release;
		};
		9602C30227B036FC00143F7D /* Debug */ = {
			isa = XCBuildConfiguration;
			baseConfigurationReference = AE6D32816D8B4B161129AEEA /* Pods-GithubUsersRx.debug.xcconfig */;
			buildSettings = {
				ALWAYS_EMBED_SWIFT_STANDARD_LIBRARIES = YES;
				ASSETCATALOG_COMPILER_APPICON_NAME = AppIcon;
				ASSETCATALOG_COMPILER_GLOBAL_ACCENT_COLOR_NAME = AccentColor;
				CODE_SIGN_STYLE = Automatic;
				CURRENT_PROJECT_VERSION = 1;
				DEVELOPMENT_TEAM = ZZZN24R7C9;
				ENABLE_TESTING_SEARCH_PATHS = YES;
				GENERATE_INFOPLIST_FILE = YES;
				INFOPLIST_FILE = GithubUsersRx/Info.plist;
				INFOPLIST_KEY_UIApplicationSupportsIndirectInputEvents = YES;
				INFOPLIST_KEY_UILaunchStoryboardName = LaunchScreen;
				INFOPLIST_KEY_UISupportedInterfaceOrientations_iPad = "UIInterfaceOrientationPortrait UIInterfaceOrientationPortraitUpsideDown UIInterfaceOrientationLandscapeLeft UIInterfaceOrientationLandscapeRight";
				INFOPLIST_KEY_UISupportedInterfaceOrientations_iPhone = "UIInterfaceOrientationPortrait UIInterfaceOrientationLandscapeLeft UIInterfaceOrientationLandscapeRight";
				LD_RUNPATH_SEARCH_PATHS = (
					"$(inherited)",
					"@executable_path/Frameworks",
				);
				MARKETING_VERSION = 1.0;
				PRODUCT_BUNDLE_IDENTIFIER = com.ilinedv.GithubUsersRx;
				PRODUCT_NAME = "$(TARGET_NAME)";
				SWIFT_EMIT_LOC_STRINGS = YES;
				SWIFT_INCLUDE_PATHS = "${SRCROOT}/Stat";
				SWIFT_VERSION = 5.0;
				TARGETED_DEVICE_FAMILY = "1,2";
			};
			name = Debug;
		};
		9602C30327B036FC00143F7D /* Release */ = {
			isa = XCBuildConfiguration;
			baseConfigurationReference = 2219DD70A8FC8C69127F77C5 /* Pods-GithubUsersRx.release.xcconfig */;
			buildSettings = {
				ALWAYS_EMBED_SWIFT_STANDARD_LIBRARIES = YES;
				ASSETCATALOG_COMPILER_APPICON_NAME = AppIcon;
				ASSETCATALOG_COMPILER_GLOBAL_ACCENT_COLOR_NAME = AccentColor;
				CODE_SIGN_STYLE = Automatic;
				CURRENT_PROJECT_VERSION = 1;
				DEVELOPMENT_TEAM = ZZZN24R7C9;
				ENABLE_TESTING_SEARCH_PATHS = YES;
				GENERATE_INFOPLIST_FILE = YES;
				INFOPLIST_FILE = GithubUsersRx/Info.plist;
				INFOPLIST_KEY_UIApplicationSupportsIndirectInputEvents = YES;
				INFOPLIST_KEY_UILaunchStoryboardName = LaunchScreen;
				INFOPLIST_KEY_UISupportedInterfaceOrientations_iPad = "UIInterfaceOrientationPortrait UIInterfaceOrientationPortraitUpsideDown UIInterfaceOrientationLandscapeLeft UIInterfaceOrientationLandscapeRight";
				INFOPLIST_KEY_UISupportedInterfaceOrientations_iPhone = "UIInterfaceOrientationPortrait UIInterfaceOrientationLandscapeLeft UIInterfaceOrientationLandscapeRight";
				LD_RUNPATH_SEARCH_PATHS = (
					"$(inherited)",
					"@executable_path/Frameworks",
				);
				MARKETING_VERSION = 1.0;
				PRODUCT_BUNDLE_IDENTIFIER = com.ilinedv.GithubUsersRx;
				PRODUCT_NAME = "$(TARGET_NAME)";
				SWIFT_EMIT_LOC_STRINGS = YES;
				SWIFT_INCLUDE_PATHS = "${SRCROOT}/Stat";
				SWIFT_VERSION = 5.0;
				TARGETED_DEVICE_FAMILY = "1,2";
			};
			name = Release;
		};
/* End XCBuildConfiguration section */

/* Begin XCConfigurationList section */
		9602C2E827B036FB00143F7D /* Build configuration list for PBXProject "GithubUsersRx" */ = {
			isa = XCConfigurationList;
			buildConfigurations = (
				9602C2FF27B036FC00143F7D /* Debug */,
				9602C30027B036FC00143F7D /* Release */,
			);
			defaultConfigurationIsVisible = 0;
			defaultConfigurationName = Release;
		};
		9602C30127B036FC00143F7D /* Build configuration list for PBXNativeTarget "GithubUsersRx" */ = {
			isa = XCConfigurationList;
			buildConfigurations = (
				9602C30227B036FC00143F7D /* Debug */,
				9602C30327B036FC00143F7D /* Release */,
			);
			defaultConfigurationIsVisible = 0;
			defaultConfigurationName = Release;
		};
/* End XCConfigurationList section */
	};
	rootObject = 9602C2E527B036FB00143F7D /* Project object */;
}
